{
  "pins" : [
    {
      "identity" : "reachability",
      "kind" : "remoteSourceControl",
      "location" : "https://github.com/tonymillion/Reachability",
      "state" : {
        "branch" : "master",
        "revision" : "09c6b3adac6a6a977d7a7151d52192878158d216"
      }
    }
  ],
  "version" : 2
}
